
Microsoft Visual Studio Solution File, Format Version 12.00
# Visual Studio Version 16
VisualStudioVersion = 16.0.31624.102
MinimumVisualStudioVersion = 10.0.40219.1
Project("{FAE04EC0-301F-11D3-BF4B-00C04F79EFBC}") = "To-do-list_NET_Club", "To-do-list_NET_Club\To-do-list_NET_Club.csproj", "{1BD0FDBF-6DD3-4B58-8A2E-31F77E954008}"
EndProject
Global
	GlobalSection(SolutionConfigurationPlatforms) = preSolution
		Debug|Any CPU = Debug|Any CPU
		Release|Any CPU = Release|Any CPU
	EndGlobalSection
	GlobalSection(ProjectConfigurationPlatforms) = postSolution
		{1BD0FDBF-6DD3-4B58-8A2E-31F77E954008}.Debug|Any CPU.ActiveCfg = Debug|Any CPU
		{1BD0FDBF-6DD3-4B58-8A2E-31F77E954008}.Debug|Any CPU.Build.0 = Debug|Any CPU
		{1BD0FDBF-6DD3-4B58-8A2E-31F77E954008}.Release|Any CPU.ActiveCfg = Release|Any CPU
		{1BD0FDBF-6DD3-4B58-8A2E-31F77E954008}.Release|Any CPU.Build.0 = Release|Any CPU
	EndGlobalSection
	GlobalSection(SolutionProperties) = preSolution
		HideSolutionNode = FALSE
	EndGlobalSection
	GlobalSection(ExtensibilityGlobals) = postSolution
		SolutionGuid = {AE3A14E2-FF4D-49DD-AF23-E99E701973CB}
	EndGlobalSection
EndGlobal
